{
  "name": "sql-migrations",
  "version": "1.0.5",
  "lockfileVersion": 1,
  "requires": true,
  "dependencies": {
    "@types/bluebird": {
      "version": "3.5.24",
      "resolved": "https://registry.npmjs.org/@types/bluebird/-/bluebird-3.5.24.tgz",
      "integrity": "sha512-YeQoDpq4Lm8ppSBqAnAeF/xy1cYp/dMTif2JFcvmAbETMRlvKHT2iLcWu+WyYiJO3b3Ivokwo7EQca/xfLVJmg=="
    },
    "@types/mysql": {
      "version": "2.15.5",
      "resolved": "https://registry.npmjs.org/@types/mysql/-/mysql-2.15.5.tgz",
      "integrity": "sha512-4QAISTUGZbcFh7bqdndo08xRdES5OTU+JODy8VCZbe1yiXyGjqw1H83G43XjQ3IbC10wn9xlGd44A5RXJwNh0Q==",
      "requires": {
        "@types/node": "10.11.0"
      }
    },
    "@types/node": {
      "version": "10.11.0",
      "resolved": "https://registry.npmjs.org/@types/node/-/node-10.11.0.tgz",
      "integrity": "sha512-R4Dvw6KjSYn/SpvjRchBOwXr14vVVcFXCtnM3f0aLvlJS8a599rrcEoihcP2/+Z/f75E5GNPd4aWM7j1yei9og=="
    },
    "ansi-regex": {
      "version": "2.1.1",
      "resolved": "https://registry.npmjs.org/ansi-regex/-/ansi-regex-2.1.1.tgz",
      "integrity": "sha1-w7M6te42DYbg5ijwRorn7yfWVN8="
    },
    "ansi-styles": {
      "version": "2.2.1",
      "resolved": "https://registry.npmjs.org/ansi-styles/-/ansi-styles-2.2.1.tgz",
      "integrity": "sha1-tDLdM1i2NM914eRmQ2gkBTPB3b4="
    },
    "bignumber.js": {
      "version": "4.1.0",
      "resolved": "https://registry.npmjs.org/bignumber.js/-/bignumber.js-4.1.0.tgz",
      "integrity": "sha512-eJzYkFYy9L4JzXsbymsFn3p54D+llV27oTQ+ziJG7WFRheJcNZilgVXMG0LoZtlQSKBsJdWtLFqOD0u+U0jZKA=="
    },
    "bluebird": {
      "version": "3.5.2",
      "resolved": "https://registry.npmjs.org/bluebird/-/bluebird-3.5.2.tgz",
      "integrity": "sha512-dhHTWMI7kMx5whMQntl7Vr9C6BvV10lFXDAasnqnrMYhXVCzzk6IO9Fo2L75jXHT07WrOngL1WDXOp+yYS91Yg=="
    },
    "buffer-writer": {
      "version": "1.0.1",
      "resolved": "https://registry.npmjs.org/buffer-writer/-/buffer-writer-1.0.1.tgz",
      "integrity": "sha1-Iqk2kB4wKa/NdUfrRIfOtpejvwg="
    },
    "chalk": {
      "version": "1.1.3",
      "resolved": "http://registry.npmjs.org/chalk/-/chalk-1.1.3.tgz",
      "integrity": "sha1-qBFcVeSnAv5NFQq9OHKCKn4J/Jg=",
      "requires": {
        "ansi-styles": "2.2.1",
        "escape-string-regexp": "1.0.5",
        "has-ansi": "2.0.0",
        "strip-ansi": "3.0.1",
        "supports-color": "2.0.0"
      }
    },
    "core-util-is": {
      "version": "1.0.2",
      "resolved": "https://registry.npmjs.org/core-util-is/-/core-util-is-1.0.2.tgz",
      "integrity": "sha1-tf1UIgqivFq1eqtxQMlAdUUDwac="
    },
    "escape-string-regexp": {
      "version": "1.0.5",
      "resolved": "https://registry.npmjs.org/escape-string-regexp/-/escape-string-regexp-1.0.5.tgz",
      "integrity": "sha1-G2HAViGQqN/2rjuyzwIAyhMLhtQ="
    },
    "has-ansi": {
      "version": "2.0.0",
      "resolved": "https://registry.npmjs.org/has-ansi/-/has-ansi-2.0.0.tgz",
      "integrity": "sha1-NPUEnOHs3ysGSa8+8k5F7TVBbZE=",
      "requires": {
        "ansi-regex": "2.1.1"
      }
    },
    "inherits": {
      "version": "2.0.3",
      "resolved": "https://registry.npmjs.org/inherits/-/inherits-2.0.3.tgz",
      "integrity": "sha1-Yzwsg+PaQqUC9SRmAiSA9CCCYd4="
    },
    "isarray": {
      "version": "1.0.0",
      "resolved": "https://registry.npmjs.org/isarray/-/isarray-1.0.0.tgz",
      "integrity": "sha1-u5NdSFgsuhaMBoNJV6VKPgcSTxE="
    },
    "minimist": {
      "version": "0.0.8",
      "resolved": "http://registry.npmjs.org/minimist/-/minimist-0.0.8.tgz",
      "integrity": "sha1-hX/Kv8M5fSYluCKCYuhqp6ARsF0="
    },
    "mkdirp": {
      "version": "0.5.1",
      "resolved": "http://registry.npmjs.org/mkdirp/-/mkdirp-0.5.1.tgz",
      "integrity": "sha1-MAV0OOrGz3+MR2fzhkjWaX11yQM=",
      "requires": {
        "minimist": "0.0.8"
      }
    },
    "mysql": {
      "version": "2.16.0",
      "resolved": "https://registry.npmjs.org/mysql/-/mysql-2.16.0.tgz",
      "integrity": "sha512-dPbN2LHonQp7D5ja5DJXNbCLe/HRdu+f3v61aguzNRQIrmZLOeRoymBYyeThrR6ug+FqzDL95Gc9maqZUJS+Gw==",
      "requires": {
        "bignumber.js": "4.1.0",
        "readable-stream": "2.3.6",
        "safe-buffer": "5.1.2",
        "sqlstring": "2.3.1"
      }
    },
    "packet-reader": {
      "version": "0.3.1",
      "resolved": "https://registry.npmjs.org/packet-reader/-/packet-reader-0.3.1.tgz",
      "integrity": "sha1-zWLmCvjX/qinBexP+ZCHHEaHHyc="
    },
    "pg": {
      "version": "7.4.3",
      "resolved": "https://registry.npmjs.org/pg/-/pg-7.4.3.tgz",
      "integrity": "sha1-97b5P1NA7MJZavu5ShPj1rYJg0s=",
      "requires": {
        "buffer-writer": "1.0.1",
        "packet-reader": "0.3.1",
        "pg-connection-string": "0.1.3",
        "pg-pool": "2.0.3",
        "pg-types": "1.12.1",
        "pgpass": "1.0.2",
        "semver": "4.3.2"
      }
    },
    "pg-connection-string": {
      "version": "0.1.3",
      "resolved": "https://registry.npmjs.org/pg-connection-string/-/pg-connection-string-0.1.3.tgz",
      "integrity": "sha1-2hhHsglA5C7hSSvq9l1J2RskXfc="
    },
    "pg-pool": {
      "version": "2.0.3",
      "resolved": "https://registry.npmjs.org/pg-pool/-/pg-pool-2.0.3.tgz",
      "integrity": "sha1-wCIDLIlJ8xKk+R+2QJzgQHa+Mlc="
    },
    "pg-types": {
      "version": "1.12.1",
      "resolved": "https://registry.npmjs.org/pg-types/-/pg-types-1.12.1.tgz",
      "integrity": "sha1-1kCH45A7WP+q0nnnWVxSIIoUw9I=",
      "requires": {
        "postgres-array": "1.0.3",
        "postgres-bytea": "1.0.0",
        "postgres-date": "1.0.3",
        "postgres-interval": "1.1.2"
      }
    },
    "pgpass": {
      "version": "1.0.2",
      "resolved": "https://registry.npmjs.org/pgpass/-/pgpass-1.0.2.tgz",
      "integrity": "sha1-Knu0G2BltnkH6R2hsHwYR8h3swY=",
      "requires": {
        "split": "1.0.1"
      }
    },
    "postgres-array": {
      "version": "1.0.3",
      "resolved": "https://registry.npmjs.org/postgres-array/-/postgres-array-1.0.3.tgz",
      "integrity": "sha512-5wClXrAP0+78mcsNX3/ithQ5exKvCyK5lr5NEEEeGwwM6NJdQgzIJBVxLvRW+huFpX92F2QnZ5CcokH0VhK2qQ=="
    },
    "postgres-bytea": {
      "version": "1.0.0",
      "resolved": "https://registry.npmjs.org/postgres-bytea/-/postgres-bytea-1.0.0.tgz",
      "integrity": "sha1-AntTPAqokOJtFy1Hz5zOzFIazTU="
    },
    "postgres-date": {
      "version": "1.0.3",
      "resolved": "https://registry.npmjs.org/postgres-date/-/postgres-date-1.0.3.tgz",
      "integrity": "sha1-4tiXAu/bJY/52c7g/pG9BpdSV6g="
    },
    "postgres-interval": {
      "version": "1.1.2",
      "resolved": "https://registry.npmjs.org/postgres-interval/-/postgres-interval-1.1.2.tgz",
      "integrity": "sha512-fC3xNHeTskCxL1dC8KOtxXt7YeFmlbTYtn7ul8MkVERuTmf7pI4DrkAxcw3kh1fQ9uz4wQmd03a1mRiXUZChfQ==",
      "requires": {
        "xtend": "4.0.1"
      }
    },
    "process-nextick-args": {
      "version": "2.0.0",
      "resolved": "https://registry.npmjs.org/process-nextick-args/-/process-nextick-args-2.0.0.tgz",
      "integrity": "sha512-MtEC1TqN0EU5nephaJ4rAtThHtC86dNN9qCuEhtshvpVBkAW5ZO7BASN9REnF9eoXGcRub+pFuKEpOHE+HbEMw=="
    },
    "promise-mysql": {
      "version": "3.3.1",
      "resolved": "https://registry.npmjs.org/promise-mysql/-/promise-mysql-3.3.1.tgz",
      "integrity": "sha512-PE+J6TtAqMJpdREvSphKvd+pn0IgGiLgxaDBb12oZNBR1VSxYSzknveuiSBmkptZC1ZDRwU+zBxBJeBgGFkCRA==",
      "requires": {
        "@types/bluebird": "3.5.24",
        "@types/mysql": "2.15.5",
        "bluebird": "3.5.2",
        "mysql": "2.16.0"
      }
    },
    "readable-stream": {
      "version": "2.3.6",
      "resolved": "http://registry.npmjs.org/readable-stream/-/readable-stream-2.3.6.tgz",
      "integrity": "sha512-tQtKA9WIAhBF3+VLAseyMqZeBjW0AHJoxOtYqSUZNJxauErmLbVm2FW1y+J/YA9dUrAC39ITejlZWhVIwawkKw==",
      "requires": {
        "core-util-is": "1.0.2",
        "inherits": "2.0.3",
        "isarray": "1.0.0",
        "process-nextick-args": "2.0.0",
        "safe-buffer": "5.1.2",
        "string_decoder": "1.1.1",
        "util-deprecate": "1.0.2"
      }
    },
    "safe-buffer": {
      "version": "5.1.2",
      "resolved": "https://registry.npmjs.org/safe-buffer/-/safe-buffer-5.1.2.tgz",
      "integrity": "sha512-Gd2UZBJDkXlY7GbJxfsE8/nvKkUEU1G38c1siN6QP6a9PT9MmHB8GnpscSmMJSoF8LOIrt8ud/wPtojys4G6+g=="
    },
    "semver": {
      "version": "4.3.2",
      "resolved": "https://registry.npmjs.org/semver/-/semver-4.3.2.tgz",
      "integrity": "sha1-x6BxWKgL7dBSNVt3DYLWZA+AO+c="
    },
    "split": {
      "version": "1.0.1",
      "resolved": "https://registry.npmjs.org/split/-/split-1.0.1.tgz",
      "integrity": "sha512-mTyOoPbrivtXnwnIxZRFYRrPNtEFKlpB2fvjSnCQUiAA6qAZzqwna5envK4uk6OIeP17CsdF3rSBGYVBsU0Tkg==",
      "requires": {
        "through": "2.3.8"
      }
    },
    "sqlstring": {
      "version": "2.3.1",
      "resolved": "https://registry.npmjs.org/sqlstring/-/sqlstring-2.3.1.tgz",
      "integrity": "sha1-R1OT/56RR5rqYtyvDKPRSYOn+0A="
    },
    "string_decoder": {
      "version": "1.1.1",
      "resolved": "https://registry.npmjs.org/string_decoder/-/string_decoder-1.1.1.tgz",
      "integrity": "sha512-n/ShnvDi6FHbbVfviro+WojiFzv+s8MPMHBczVePfUpDJLwoLT0ht1l4YwBCbi8pJAveEEdnkHyPyTP/mzRfwg==",
      "requires": {
        "safe-buffer": "5.1.2"
      }
    },
    "strip-ansi": {
      "version": "3.0.1",
      "resolved": "https://registry.npmjs.org/strip-ansi/-/strip-ansi-3.0.1.tgz",
      "integrity": "sha1-ajhfuIU9lS1f8F0Oiq+UJ43GPc8=",
      "requires": {
        "ansi-regex": "2.1.1"
      }
    },
    "supports-color": {
      "version": "2.0.0",
      "resolved": "https://registry.npmjs.org/supports-color/-/supports-color-2.0.0.tgz",
      "integrity": "sha1-U10EXOa2Nj+kARcIRimZXp3zJMc="
    },
    "through": {
      "version": "2.3.8",
      "resolved": "http://registry.npmjs.org/through/-/through-2.3.8.tgz",
      "integrity": "sha1-DdTJ/6q8NXlgsbckEV1+Doai4fU="
    },
    "util-deprecate": {
      "version": "1.0.2",
      "resolved": "https://registry.npmjs.org/util-deprecate/-/util-deprecate-1.0.2.tgz",
      "integrity": "sha1-RQ1Nyfpw3nMnYvvS1KKJgUGaDM8="
    },
    "xtend": {
      "version": "4.0.1",
      "resolved": "https://registry.npmjs.org/xtend/-/xtend-4.0.1.tgz",
      "integrity": "sha1-pcbVMr5lbiPbgg77lDofBJmNY68="
    }
  }
}
